
Microsoft Visual Studio Solution File, Format Version 12.00
# Visual Studio Version 17
VisualStudioVersion = 17.5.002.0
MinimumVisualStudioVersion = 10.0.40219.1
Project("{9A19103F-16F7-4668-BE54-9A1E7A4F7556}") = "Assignment_02_Tiktok1", "Assignment_02_Tiktok1.csproj", "{30B79D6A-C4DE-4663-BCEF-82AEF606747E}"
EndProject
Global
	GlobalSection(SolutionConfigurationPlatforms) = preSolution
		Debug|Any CPU = Debug|Any CPU
		Release|Any CPU = Release|Any CPU
	EndGlobalSection
	GlobalSection(ProjectConfigurationPlatforms) = postSolution
		{30B79D6A-C4DE-4663-BCEF-82AEF606747E}.Debug|Any CPU.ActiveCfg = Debug|Any CPU
		{30B79D6A-C4DE-4663-BCEF-82AEF606747E}.Debug|Any CPU.Build.0 = Debug|Any CPU
		{30B79D6A-C4DE-4663-BCEF-82AEF606747E}.Release|Any CPU.ActiveCfg = Release|Any CPU
		{30B79D6A-C4DE-4663-BCEF-82AEF606747E}.Release|Any CPU.Build.0 = Release|Any CPU
	EndGlobalSection
	GlobalSection(SolutionProperties) = preSolution
		HideSolutionNode = FALSE
	EndGlobalSection
	GlobalSection(ExtensibilityGlobals) = postSolution
		SolutionGuid = {25277D8F-78E5-4AFA-8D88-3F983848C9CC}
	EndGlobalSection
EndGlobal
